
Microsoft Visual Studio Solution File, Format Version 12.00
# Visual Studio Version 17
VisualStudioVersion = 17.1.32414.318
MinimumVisualStudioVersion = 10.0.40219.1
Project("{FAE04EC0-301F-11D3-BF4B-00C04F79EFBC}") = "TicTacToe", "TicTacToe.csproj", "{10AEBBE0-93F5-4596-85C6-9097C8B982CB}"
EndProject
Global
	GlobalSection(SolutionConfigurationPlatforms) = preSolution
		Debug|Any CPU = Debug|Any CPU
		Release|Any CPU = Release|Any CPU
	EndGlobalSection
	GlobalSection(ProjectConfigurationPlatforms) = postSolution
		{10AEBBE0-93F5-4596-85C6-9097C8B982CB}.Debug|Any CPU.ActiveCfg = Debug|Any CPU
		{10AEBBE0-93F5-4596-85C6-9097C8B982CB}.Debug|Any CPU.Build.0 = Debug|Any CPU
		{10AEBBE0-93F5-4596-85C6-9097C8B982CB}.Release|Any CPU.ActiveCfg = Release|Any CPU
		{10AEBBE0-93F5-4596-85C6-9097C8B982CB}.Release|Any CPU.Build.0 = Release|Any CPU
	EndGlobalSection
	GlobalSection(SolutionProperties) = preSolution
		HideSolutionNode = FALSE
	EndGlobalSection
	GlobalSection(ExtensibilityGlobals) = postSolution
		SolutionGuid = {A3991A15-235B-4C06-81B5-211969693B93}
	EndGlobalSection
EndGlobal
